{
  "name": "react-electron-cli",
  "version": "1.0.0",
  "lockfileVersion": 1,
  "requires": true,
  "dependencies": {
    "commander": {
      "version": "6.0.0",
      "resolved": "http://npm.baijiahulian.com/commander/-/commander-6.0.0.tgz",
      "integrity": "sha1-KycNqU+PuQFEVTEvgpoRKdv4iH4="
    },
    "dom-walk": {
      "version": "0.1.2",
      "resolved": "http://npm.baijiahulian.com/dom-walk/-/dom-walk-0.1.2.tgz",
      "integrity": "sha1-DFSL7wSPTR8qlySQAiNgYNqj/YQ="
    },
    "global": {
      "version": "4.4.0",
      "resolved": "http://npm.baijiahulian.com/global/-/global-4.4.0.tgz",
      "integrity": "sha1-PnsQUXkAajI+1xqvyj6cV6XMZAY=",
      "requires": {
        "min-document": "^2.19.0",
        "process": "^0.11.10"
      }
    },
    "min-document": {
      "version": "2.19.0",
      "resolved": "http://npm.baijiahulian.com/min-document/-/min-document-2.19.0.tgz",
      "integrity": "sha1-e9KC4/WELtKVu3SM3Z8f+iyCRoU=",
      "requires": {
        "dom-walk": "^0.1.0"
      }
    },
    "process": {
      "version": "0.11.10",
      "resolved": "http://npm.baijiahulian.com/process/-/process-0.11.10.tgz",
      "integrity": "sha1-czIwDoQBYb2j5podHZGn1LwW8YI="
    }
  }
}
